
Microsoft Visual Studio Solution File, Format Version 12.00
# Visual Studio Version 17
VisualStudioVersion = 17.4.33403.182
MinimumVisualStudioVersion = 10.0.40219.1
Project("{FAE04EC0-301F-11D3-BF4B-00C04F79EFBC}") = "FSP-API", "FSP-API\FSP-API.csproj", "{90336F8C-1389-454B-B6DE-E91DD8401F3E}"
EndProject
Project("{FAE04EC0-301F-11D3-BF4B-00C04F79EFBC}") = "FSP.Application", "FSP.Application\FSP.Application.csproj", "{725A96E3-F4B7-4B5B-AE78-58B49F1F094C}"
EndProject
Project("{FAE04EC0-301F-11D3-BF4B-00C04F79EFBC}") = "FSP.Domain", "FSP.Domain\FSP.Domain.csproj", "{AE05D0DA-EC5B-48E8-B56E-E1B8470869A3}"
EndProject
Project("{FAE04EC0-301F-11D3-BF4B-00C04F79EFBC}") = "FSP.Infrastructure", "FSP.Infrastructure\FSP.Infrastructure.csproj", "{53C54688-2904-441B-B6F7-F273807D381A}"
EndProject
Global
	GlobalSection(SolutionConfigurationPlatforms) = preSolution
		Debug|Any CPU = Debug|Any CPU
		Debug|x64 = Debug|x64
		Debug|x86 = Debug|x86
		Release|Any CPU = Release|Any CPU
		Release|x64 = Release|x64
		Release|x86 = Release|x86
	EndGlobalSection
	GlobalSection(ProjectConfigurationPlatforms) = postSolution
		{90336F8C-1389-454B-B6DE-E91DD8401F3E}.Debug|Any CPU.ActiveCfg = Debug|Any CPU
		{90336F8C-1389-454B-B6DE-E91DD8401F3E}.Debug|Any CPU.Build.0 = Debug|Any CPU
		{90336F8C-1389-454B-B6DE-E91DD8401F3E}.Debug|x64.ActiveCfg = Debug|Any CPU
		{90336F8C-1389-454B-B6DE-E91DD8401F3E}.Debug|x64.Build.0 = Debug|Any CPU
		{90336F8C-1389-454B-B6DE-E91DD8401F3E}.Debug|x86.ActiveCfg = Debug|Any CPU
		{90336F8C-1389-454B-B6DE-E91DD8401F3E}.Debug|x86.Build.0 = Debug|Any CPU
		{90336F8C-1389-454B-B6DE-E91DD8401F3E}.Release|Any CPU.ActiveCfg = Release|Any CPU
		{90336F8C-1389-454B-B6DE-E91DD8401F3E}.Release|Any CPU.Build.0 = Release|Any CPU
		{90336F8C-1389-454B-B6DE-E91DD8401F3E}.Release|x64.ActiveCfg = Release|Any CPU
		{90336F8C-1389-454B-B6DE-E91DD8401F3E}.Release|x64.Build.0 = Release|Any CPU
		{90336F8C-1389-454B-B6DE-E91DD8401F3E}.Release|x86.ActiveCfg = Release|Any CPU
		{90336F8C-1389-454B-B6DE-E91DD8401F3E}.Release|x86.Build.0 = Release|Any CPU
		{725A96E3-F4B7-4B5B-AE78-58B49F1F094C}.Debug|Any CPU.ActiveCfg = Debug|Any CPU
		{725A96E3-F4B7-4B5B-AE78-58B49F1F094C}.Debug|Any CPU.Build.0 = Debug|Any CPU
		{725A96E3-F4B7-4B5B-AE78-58B49F1F094C}.Debug|x64.ActiveCfg = Debug|Any CPU
		{725A96E3-F4B7-4B5B-AE78-58B49F1F094C}.Debug|x64.Build.0 = Debug|Any CPU
		{725A96E3-F4B7-4B5B-AE78-58B49F1F094C}.Debug|x86.ActiveCfg = Debug|Any CPU
		{725A96E3-F4B7-4B5B-AE78-58B49F1F094C}.Debug|x86.Build.0 = Debug|Any CPU
		{725A96E3-F4B7-4B5B-AE78-58B49F1F094C}.Release|Any CPU.ActiveCfg = Release|Any CPU
		{725A96E3-F4B7-4B5B-AE78-58B49F1F094C}.Release|Any CPU.Build.0 = Release|Any CPU
		{725A96E3-F4B7-4B5B-AE78-58B49F1F094C}.Release|x64.ActiveCfg = Release|Any CPU
		{725A96E3-F4B7-4B5B-AE78-58B49F1F094C}.Release|x64.Build.0 = Release|Any CPU
		{725A96E3-F4B7-4B5B-AE78-58B49F1F094C}.Release|x86.ActiveCfg = Release|Any CPU
		{725A96E3-F4B7-4B5B-AE78-58B49F1F094C}.Release|x86.Build.0 = Release|Any CPU
		{AE05D0DA-EC5B-48E8-B56E-E1B8470869A3}.Debug|Any CPU.ActiveCfg = Debug|Any CPU
		{AE05D0DA-EC5B-48E8-B56E-E1B8470869A3}.Debug|Any CPU.Build.0 = Debug|Any CPU
		{AE05D0DA-EC5B-48E8-B56E-E1B8470869A3}.Debug|x64.ActiveCfg = Debug|Any CPU
		{AE05D0DA-EC5B-48E8-B56E-E1B8470869A3}.Debug|x64.Build.0 = Debug|Any CPU
		{AE05D0DA-EC5B-48E8-B56E-E1B8470869A3}.Debug|x86.ActiveCfg = Debug|Any CPU
		{AE05D0DA-EC5B-48E8-B56E-E1B8470869A3}.Debug|x86.Build.0 = Debug|Any CPU
		{AE05D0DA-EC5B-48E8-B56E-E1B8470869A3}.Release|Any CPU.ActiveCfg = Release|Any CPU
		{AE05D0DA-EC5B-48E8-B56E-E1B8470869A3}.Release|Any CPU.Build.0 = Release|Any CPU
		{AE05D0DA-EC5B-48E8-B56E-E1B8470869A3}.Release|x64.ActiveCfg = Release|Any CPU
		{AE05D0DA-EC5B-48E8-B56E-E1B8470869A3}.Release|x64.Build.0 = Release|Any CPU
		{AE05D0DA-EC5B-48E8-B56E-E1B8470869A3}.Release|x86.ActiveCfg = Release|Any CPU
		{AE05D0DA-EC5B-48E8-B56E-E1B8470869A3}.Release|x86.Build.0 = Release|Any CPU
		{53C54688-2904-441B-B6F7-F273807D381A}.Debug|Any CPU.ActiveCfg = Debug|Any CPU
		{53C54688-2904-441B-B6F7-F273807D381A}.Debug|Any CPU.Build.0 = Debug|Any CPU
		{53C54688-2904-441B-B6F7-F273807D381A}.Debug|x64.ActiveCfg = Debug|Any CPU
		{53C54688-2904-441B-B6F7-F273807D381A}.Debug|x64.Build.0 = Debug|Any CPU
		{53C54688-2904-441B-B6F7-F273807D381A}.Debug|x86.ActiveCfg = Debug|Any CPU
		{53C54688-2904-441B-B6F7-F273807D381A}.Debug|x86.Build.0 = Debug|Any CPU
		{53C54688-2904-441B-B6F7-F273807D381A}.Release|Any CPU.ActiveCfg = Release|Any CPU
		{53C54688-2904-441B-B6F7-F273807D381A}.Release|Any CPU.Build.0 = Release|Any CPU
		{53C54688-2904-441B-B6F7-F273807D381A}.Release|x64.ActiveCfg = Release|Any CPU
		{53C54688-2904-441B-B6F7-F273807D381A}.Release|x64.Build.0 = Release|Any CPU
		{53C54688-2904-441B-B6F7-F273807D381A}.Release|x86.ActiveCfg = Release|Any CPU
		{53C54688-2904-441B-B6F7-F273807D381A}.Release|x86.Build.0 = Release|Any CPU
	EndGlobalSection
	GlobalSection(SolutionProperties) = preSolution
		HideSolutionNode = FALSE
	EndGlobalSection
	GlobalSection(ExtensibilityGlobals) = postSolution
		SolutionGuid = {5F355EDF-FC89-457F-99CB-D052C1C2CAF3}
	EndGlobalSection
EndGlobal
